
Microsoft Visual Studio Solution File, Format Version 12.00
# Visual Studio Version 17
VisualStudioVersion = 17.13.35931.197 d17.13
MinimumVisualStudioVersion = 10.0.40219.1
Project("{FAE04EC0-301F-11D3-BF4B-00C04F79EFBC}") = "LuxeStays.Web", "LuxeStays.Web\LuxeStays.Web.csproj", "{2D3E2AB9-357C-4621-B163-C48D7600F5AD}"
EndProject
Global
	GlobalSection(SolutionConfigurationPlatforms) = preSolution
		Debug|Any CPU = Debug|Any CPU
		Release|Any CPU = Release|Any CPU
	EndGlobalSection
	GlobalSection(ProjectConfigurationPlatforms) = postSolution
		{2D3E2AB9-357C-4621-B163-C48D7600F5AD}.Debug|Any CPU.ActiveCfg = Debug|Any CPU
		{2D3E2AB9-357C-4621-B163-C48D7600F5AD}.Debug|Any CPU.Build.0 = Debug|Any CPU
		{2D3E2AB9-357C-4621-B163-C48D7600F5AD}.Release|Any CPU.ActiveCfg = Release|Any CPU
		{2D3E2AB9-357C-4621-B163-C48D7600F5AD}.Release|Any CPU.Build.0 = Release|Any CPU
	EndGlobalSection
	GlobalSection(SolutionProperties) = preSolution
		HideSolutionNode = FALSE
	EndGlobalSection
	GlobalSection(ExtensibilityGlobals) = postSolution
		SolutionGuid = {85712873-FFB3-4FCA-9D76-02F0C701C637}
	EndGlobalSection
EndGlobal
